
Microsoft Visual Studio Solution File, Format Version 12.00
# Visual Studio Version 16
VisualStudioVersion = 16.0.30114.105
MinimumVisualStudioVersion = 10.0.40219.1
Project("{FAE04EC0-301F-11D3-BF4B-00C04F79EFBC}") = "golmirzaeishop", "golmirzaeishop\golmirzaeishop.csproj", "{FFED838F-25E6-4C52-A797-B5BE83F75BAB}"
EndProject
Project("{FAE04EC0-301F-11D3-BF4B-00C04F79EFBC}") = "golmirzaeidatalayer", "golmirzaeidatalayer\golmirzaeidatalayer.csproj", "{F2C3E092-5343-4C7F-91BA-F95AB4EE240E}"
EndProject
Project("{FAE04EC0-301F-11D3-BF4B-00C04F79EFBC}") = "golmirzaeicore", "golmirzaeicore\golmirzaeicore.csproj", "{1880359C-9AE0-4502-85D1-5319043800D0}"
EndProject
Global
	GlobalSection(SolutionConfigurationPlatforms) = preSolution
		Debug|Any CPU = Debug|Any CPU
		Debug|x64 = Debug|x64
		Debug|x86 = Debug|x86
		Release|Any CPU = Release|Any CPU
		Release|x64 = Release|x64
		Release|x86 = Release|x86
	EndGlobalSection
	GlobalSection(SolutionProperties) = preSolution
		HideSolutionNode = FALSE
	EndGlobalSection
	GlobalSection(ProjectConfigurationPlatforms) = postSolution
		{FFED838F-25E6-4C52-A797-B5BE83F75BAB}.Debug|Any CPU.ActiveCfg = Debug|Any CPU
		{FFED838F-25E6-4C52-A797-B5BE83F75BAB}.Debug|Any CPU.Build.0 = Debug|Any CPU
		{FFED838F-25E6-4C52-A797-B5BE83F75BAB}.Debug|x64.ActiveCfg = Debug|Any CPU
		{FFED838F-25E6-4C52-A797-B5BE83F75BAB}.Debug|x64.Build.0 = Debug|Any CPU
		{FFED838F-25E6-4C52-A797-B5BE83F75BAB}.Debug|x86.ActiveCfg = Debug|Any CPU
		{FFED838F-25E6-4C52-A797-B5BE83F75BAB}.Debug|x86.Build.0 = Debug|Any CPU
		{FFED838F-25E6-4C52-A797-B5BE83F75BAB}.Release|Any CPU.ActiveCfg = Release|Any CPU
		{FFED838F-25E6-4C52-A797-B5BE83F75BAB}.Release|Any CPU.Build.0 = Release|Any CPU
		{FFED838F-25E6-4C52-A797-B5BE83F75BAB}.Release|x64.ActiveCfg = Release|Any CPU
		{FFED838F-25E6-4C52-A797-B5BE83F75BAB}.Release|x64.Build.0 = Release|Any CPU
		{FFED838F-25E6-4C52-A797-B5BE83F75BAB}.Release|x86.ActiveCfg = Release|Any CPU
		{FFED838F-25E6-4C52-A797-B5BE83F75BAB}.Release|x86.Build.0 = Release|Any CPU
		{F2C3E092-5343-4C7F-91BA-F95AB4EE240E}.Debug|Any CPU.ActiveCfg = Debug|Any CPU
		{F2C3E092-5343-4C7F-91BA-F95AB4EE240E}.Debug|Any CPU.Build.0 = Debug|Any CPU
		{F2C3E092-5343-4C7F-91BA-F95AB4EE240E}.Debug|x64.ActiveCfg = Debug|Any CPU
		{F2C3E092-5343-4C7F-91BA-F95AB4EE240E}.Debug|x64.Build.0 = Debug|Any CPU
		{F2C3E092-5343-4C7F-91BA-F95AB4EE240E}.Debug|x86.ActiveCfg = Debug|Any CPU
		{F2C3E092-5343-4C7F-91BA-F95AB4EE240E}.Debug|x86.Build.0 = Debug|Any CPU
		{F2C3E092-5343-4C7F-91BA-F95AB4EE240E}.Release|Any CPU.ActiveCfg = Release|Any CPU
		{F2C3E092-5343-4C7F-91BA-F95AB4EE240E}.Release|Any CPU.Build.0 = Release|Any CPU
		{F2C3E092-5343-4C7F-91BA-F95AB4EE240E}.Release|x64.ActiveCfg = Release|Any CPU
		{F2C3E092-5343-4C7F-91BA-F95AB4EE240E}.Release|x64.Build.0 = Release|Any CPU
		{F2C3E092-5343-4C7F-91BA-F95AB4EE240E}.Release|x86.ActiveCfg = Release|Any CPU
		{F2C3E092-5343-4C7F-91BA-F95AB4EE240E}.Release|x86.Build.0 = Release|Any CPU
		{1880359C-9AE0-4502-85D1-5319043800D0}.Debug|Any CPU.ActiveCfg = Debug|Any CPU
		{1880359C-9AE0-4502-85D1-5319043800D0}.Debug|Any CPU.Build.0 = Debug|Any CPU
		{1880359C-9AE0-4502-85D1-5319043800D0}.Debug|x64.ActiveCfg = Debug|Any CPU
		{1880359C-9AE0-4502-85D1-5319043800D0}.Debug|x64.Build.0 = Debug|Any CPU
		{1880359C-9AE0-4502-85D1-5319043800D0}.Debug|x86.ActiveCfg = Debug|Any CPU
		{1880359C-9AE0-4502-85D1-5319043800D0}.Debug|x86.Build.0 = Debug|Any CPU
		{1880359C-9AE0-4502-85D1-5319043800D0}.Release|Any CPU.ActiveCfg = Release|Any CPU
		{1880359C-9AE0-4502-85D1-5319043800D0}.Release|Any CPU.Build.0 = Release|Any CPU
		{1880359C-9AE0-4502-85D1-5319043800D0}.Release|x64.ActiveCfg = Release|Any CPU
		{1880359C-9AE0-4502-85D1-5319043800D0}.Release|x64.Build.0 = Release|Any CPU
		{1880359C-9AE0-4502-85D1-5319043800D0}.Release|x86.ActiveCfg = Release|Any CPU
		{1880359C-9AE0-4502-85D1-5319043800D0}.Release|x86.Build.0 = Release|Any CPU
	EndGlobalSection
EndGlobal
